Microsoft Visual Studio Solution File, Format Version 11.00
# Visual Studio 2008

Project("{1383FC88-9CE9-F347-86BB-C54E755F77A4}") = "IndonesiaGameJam - Copy (2)", "Assembly-CSharp.csproj", "{7EB41B2E-071E-F6EA-461B-85D393642C24}"
EndProject
Project("{1383FC88-9CE9-F347-86BB-C54E755F77A4}") = "IndonesiaGameJam - Copy (2)", "Assembly-UnityScript.unityproj", "{C3EE0509-6C4E-86E2-FFA9-F8F7F2CA1F46}"
EndProject
Global
	GlobalSection(SolutionConfigurationPlatforms) = preSolution
		Debug|Any CPU = Debug|Any CPU
		Release|Any CPU = Release|Any CPU
	EndGlobalSection
	GlobalSection(ProjectConfigurationPlatforms) = postSolution
		{7EB41B2E-071E-F6EA-461B-85D393642C24}.Debug|Any CPU.ActiveCfg = Debug|Any CPU
		{7EB41B2E-071E-F6EA-461B-85D393642C24}.Debug|Any CPU.Build.0 = Debug|Any CPU
		{7EB41B2E-071E-F6EA-461B-85D393642C24}.Release|Any CPU.ActiveCfg = Release|Any CPU
		{7EB41B2E-071E-F6EA-461B-85D393642C24}.Release|Any CPU.Build.0 = Release|Any CPU
		{C3EE0509-6C4E-86E2-FFA9-F8F7F2CA1F46}.Debug|Any CPU.ActiveCfg = Debug|Any CPU
		{C3EE0509-6C4E-86E2-FFA9-F8F7F2CA1F46}.Debug|Any CPU.Build.0 = Debug|Any CPU
		{C3EE0509-6C4E-86E2-FFA9-F8F7F2CA1F46}.Release|Any CPU.ActiveCfg = Release|Any CPU
		{C3EE0509-6C4E-86E2-FFA9-F8F7F2CA1F46}.Release|Any CPU.Build.0 = Release|Any CPU
	EndGlobalSection
	GlobalSection(SolutionProperties) = preSolution
		HideSolutionNode = FALSE
	EndGlobalSection
	GlobalSection(MonoDevelopProperties) = preSolution
		StartupItem = Assembly-CSharp.csproj
	EndGlobalSection
EndGlobal
